
Microsoft Visual Studio Solution File, Format Version 12.00
# Visual Studio Version 17
VisualStudioVersion = 17.10.35004.147
MinimumVisualStudioVersion = 10.0.40219.1
Project("{2150E333-8FDC-42A3-9474-1A3956D46DE8}") = "1. NuGET", "1. NuGET", "{820D6D91-7F12-49F9-A90D-A8FCB78A37EB}"
EndProject
Project("{2150E333-8FDC-42A3-9474-1A3956D46DE8}") = "2. Tests", "2. Tests", "{095DACF4-96A6-42AF-AC7B-5FABA7E31750}"
EndProject
Project("{2150E333-8FDC-42A3-9474-1A3956D46DE8}") = "Unit", "Unit", "{EAB9E253-4840-425D-9CCF-365AC7F62E2F}"
EndProject
Project("{9A19103F-16F7-4668-BE54-9A1E7A4F7556}") = "CardBlitz", "src\CardBlitz\CardBlitz.csproj", "{04184417-710B-44AF-B7BF-FE932AD5BEA5}"
EndProject
Global
	GlobalSection(SolutionConfigurationPlatforms) = preSolution
		Debug|Any CPU = Debug|Any CPU
		Release|Any CPU = Release|Any CPU
	EndGlobalSection
	GlobalSection(ProjectConfigurationPlatforms) = postSolution
		{04184417-710B-44AF-B7BF-FE932AD5BEA5}.Debug|Any CPU.ActiveCfg = Debug|Any CPU
		{04184417-710B-44AF-B7BF-FE932AD5BEA5}.Debug|Any CPU.Build.0 = Debug|Any CPU
		{04184417-710B-44AF-B7BF-FE932AD5BEA5}.Release|Any CPU.ActiveCfg = Release|Any CPU
		{04184417-710B-44AF-B7BF-FE932AD5BEA5}.Release|Any CPU.Build.0 = Release|Any CPU
	EndGlobalSection
	GlobalSection(SolutionProperties) = preSolution
		HideSolutionNode = FALSE
	EndGlobalSection
	GlobalSection(NestedProjects) = preSolution
		{EAB9E253-4840-425D-9CCF-365AC7F62E2F} = {095DACF4-96A6-42AF-AC7B-5FABA7E31750}
		{04184417-710B-44AF-B7BF-FE932AD5BEA5} = {820D6D91-7F12-49F9-A90D-A8FCB78A37EB}
	EndGlobalSection
	GlobalSection(ExtensibilityGlobals) = postSolution
		SolutionGuid = {909C4AB7-76E9-4BFF-B08D-77317FBA4843}
	EndGlobalSection
EndGlobal
